
Microsoft Visual Studio Solution File, Format Version 12.00
# Visual Studio Version 16
VisualStudioVersion = 16.0.30717.126
MinimumVisualStudioVersion = 10.0.40219.1
Project("{FAE04EC0-301F-11D3-BF4B-00C04F79EFBC}") = "Lab3Pacman", "Lab3Pacman\Lab3Pacman.csproj", "{79D34D73-2CA5-4EB9-830A-AAEEDFC810D0}"
EndProject
Project("{FAE04EC0-301F-11D3-BF4B-00C04F79EFBC}") = "Tests", "Tests\Tests.csproj", "{5DA95BED-7BFA-4F1B-B11F-EC93D78E79D1}"
EndProject
Global
	GlobalSection(SolutionConfigurationPlatforms) = preSolution
		Debug|Any CPU = Debug|Any CPU
		Release|Any CPU = Release|Any CPU
	EndGlobalSection
	GlobalSection(ProjectConfigurationPlatforms) = postSolution
		{79D34D73-2CA5-4EB9-830A-AAEEDFC810D0}.Debug|Any CPU.ActiveCfg = Debug|Any CPU
		{79D34D73-2CA5-4EB9-830A-AAEEDFC810D0}.Debug|Any CPU.Build.0 = Debug|Any CPU
		{79D34D73-2CA5-4EB9-830A-AAEEDFC810D0}.Release|Any CPU.ActiveCfg = Release|Any CPU
		{79D34D73-2CA5-4EB9-830A-AAEEDFC810D0}.Release|Any CPU.Build.0 = Release|Any CPU
		{5DA95BED-7BFA-4F1B-B11F-EC93D78E79D1}.Debug|Any CPU.ActiveCfg = Debug|Any CPU
		{5DA95BED-7BFA-4F1B-B11F-EC93D78E79D1}.Debug|Any CPU.Build.0 = Debug|Any CPU
		{5DA95BED-7BFA-4F1B-B11F-EC93D78E79D1}.Release|Any CPU.ActiveCfg = Release|Any CPU
		{5DA95BED-7BFA-4F1B-B11F-EC93D78E79D1}.Release|Any CPU.Build.0 = Release|Any CPU
	EndGlobalSection
	GlobalSection(SolutionProperties) = preSolution
		HideSolutionNode = FALSE
	EndGlobalSection
	GlobalSection(ExtensibilityGlobals) = postSolution
		SolutionGuid = {B30CA83D-CB96-4243-9526-091E2C5029BA}
	EndGlobalSection
EndGlobal
